
Microsoft Visual Studio Solution File, Format Version 12.00
# Visual Studio Version 17
VisualStudioVersion = 17.5.33502.453
MinimumVisualStudioVersion = 10.0.40219.1
Project("{9A19103F-16F7-4668-BE54-9A1E7A4F7556}") = "Task3.1", "Task3.1\Task3.1.csproj", "{CBE3501D-3F17-4106-94F7-439FA7475A69}"
EndProject
Global
	GlobalSection(SolutionConfigurationPlatforms) = preSolution
		Debug|Any CPU = Debug|Any CPU
		Release|Any CPU = Release|Any CPU
	EndGlobalSection
	GlobalSection(ProjectConfigurationPlatforms) = postSolution
		{CBE3501D-3F17-4106-94F7-439FA7475A69}.Debug|Any CPU.ActiveCfg = Debug|Any CPU
		{CBE3501D-3F17-4106-94F7-439FA7475A69}.Debug|Any CPU.Build.0 = Debug|Any CPU
		{CBE3501D-3F17-4106-94F7-439FA7475A69}.Release|Any CPU.ActiveCfg = Release|Any CPU
		{CBE3501D-3F17-4106-94F7-439FA7475A69}.Release|Any CPU.Build.0 = Release|Any CPU
	EndGlobalSection
	GlobalSection(SolutionProperties) = preSolution
		HideSolutionNode = FALSE
	EndGlobalSection
	GlobalSection(ExtensibilityGlobals) = postSolution
		SolutionGuid = {683B7346-AEB7-46DD-A1F5-6086ABC423F3}
	EndGlobalSection
EndGlobal
